
Microsoft Visual Studio Solution File, Format Version 12.00
# Visual Studio Version 17
VisualStudioVersion = 17.14.36310.24 d17.14
MinimumVisualStudioVersion = 10.0.40219.1
Project("{FAE04EC0-301F-11D3-BF4B-00C04F79EFBC}") = "Airline_Ticketing", "Airline_Ticketing\Airline_Ticketing.csproj", "{488AFBEB-8B04-481A-8C83-83F6C253476F}"
EndProject
Global
	GlobalSection(SolutionConfigurationPlatforms) = preSolution
		Debug|Any CPU = Debug|Any CPU
		Release|Any CPU = Release|Any CPU
	EndGlobalSection
	GlobalSection(ProjectConfigurationPlatforms) = postSolution
		{488AFBEB-8B04-481A-8C83-83F6C253476F}.Debug|Any CPU.ActiveCfg = Debug|Any CPU
		{488AFBEB-8B04-481A-8C83-83F6C253476F}.Debug|Any CPU.Build.0 = Debug|Any CPU
		{488AFBEB-8B04-481A-8C83-83F6C253476F}.Release|Any CPU.ActiveCfg = Release|Any CPU
		{488AFBEB-8B04-481A-8C83-83F6C253476F}.Release|Any CPU.Build.0 = Release|Any CPU
	EndGlobalSection
	GlobalSection(SolutionProperties) = preSolution
		HideSolutionNode = FALSE
	EndGlobalSection
	GlobalSection(ExtensibilityGlobals) = postSolution
		SolutionGuid = {6DA10A0D-F53B-4930-A388-58AE9C3E9B48}
	EndGlobalSection
EndGlobal
